
Microsoft Visual Studio Solution File, Format Version 12.00
# Visual Studio Version 17
VisualStudioVersion = 17.7.34031.279
MinimumVisualStudioVersion = 10.0.40219.1
Project("{FAE04EC0-301F-11D3-BF4B-00C04F79EFBC}") = "a", "a\a.csproj", "{CED1F9BF-3866-475D-A8F3-14118B572BFD}"
EndProject
Global
	GlobalSection(SolutionConfigurationPlatforms) = preSolution
		Debug|Any CPU = Debug|Any CPU
		Debug|x64 = Debug|x64
		Release|Any CPU = Release|Any CPU
		Release|x64 = Release|x64
	EndGlobalSection
	GlobalSection(ProjectConfigurationPlatforms) = postSolution
		{CED1F9BF-3866-475D-A8F3-14118B572BFD}.Debug|Any CPU.ActiveCfg = Debug|Any CPU
		{CED1F9BF-3866-475D-A8F3-14118B572BFD}.Debug|Any CPU.Build.0 = Debug|Any CPU
		{CED1F9BF-3866-475D-A8F3-14118B572BFD}.Debug|x64.ActiveCfg = Debug|x64
		{CED1F9BF-3866-475D-A8F3-14118B572BFD}.Debug|x64.Build.0 = Debug|x64
		{CED1F9BF-3866-475D-A8F3-14118B572BFD}.Release|Any CPU.ActiveCfg = Release|Any CPU
		{CED1F9BF-3866-475D-A8F3-14118B572BFD}.Release|Any CPU.Build.0 = Release|Any CPU
		{CED1F9BF-3866-475D-A8F3-14118B572BFD}.Release|x64.ActiveCfg = Release|x64
		{CED1F9BF-3866-475D-A8F3-14118B572BFD}.Release|x64.Build.0 = Release|x64
	EndGlobalSection
	GlobalSection(SolutionProperties) = preSolution
		HideSolutionNode = FALSE
	EndGlobalSection
	GlobalSection(ExtensibilityGlobals) = postSolution
		SolutionGuid = {01138A11-EBFD-47DA-BE5D-79111E07919D}
	EndGlobalSection
EndGlobal
